
Microsoft Visual Studio Solution File, Format Version 12.00
# Visual Studio Version 17
VisualStudioVersion = 17.5.002.0
MinimumVisualStudioVersion = 10.0.40219.1
Project("{9A19103F-16F7-4668-BE54-9A1E7A4F7556}") = "ApplicationGestionFonciers.API", "ApplicationGestionFonciers.API.csproj", "{AECD6C9B-6BD1-4EF4-995C-F83C43BC3D07}"
EndProject
Global
	GlobalSection(SolutionConfigurationPlatforms) = preSolution
		Debug|Any CPU = Debug|Any CPU
		Release|Any CPU = Release|Any CPU
	EndGlobalSection
	GlobalSection(ProjectConfigurationPlatforms) = postSolution
		{AECD6C9B-6BD1-4EF4-995C-F83C43BC3D07}.Debug|Any CPU.ActiveCfg = Debug|Any CPU
		{AECD6C9B-6BD1-4EF4-995C-F83C43BC3D07}.Debug|Any CPU.Build.0 = Debug|Any CPU
		{AECD6C9B-6BD1-4EF4-995C-F83C43BC3D07}.Release|Any CPU.ActiveCfg = Release|Any CPU
		{AECD6C9B-6BD1-4EF4-995C-F83C43BC3D07}.Release|Any CPU.Build.0 = Release|Any CPU
	EndGlobalSection
	GlobalSection(SolutionProperties) = preSolution
		HideSolutionNode = FALSE
	EndGlobalSection
	GlobalSection(ExtensibilityGlobals) = postSolution
		SolutionGuid = {D81501EC-43D1-4FFB-B271-4AA0A3ED99D7}
	EndGlobalSection
EndGlobal
